
Microsoft Visual Studio Solution File, Format Version 12.00
# Visual Studio Version 17
VisualStudioVersion = 17.7.34221.43
MinimumVisualStudioVersion = 10.0.40219.1
Project("{FAE04EC0-301F-11D3-BF4B-00C04F79EFBC}") = "CabinetMedicalApplication", "CabinetMedicalApplication\CabinetMedicalApplication.csproj", "{B41134FE-0472-4ABF-9869-7F45F8EA8668}"
EndProject
Global
	GlobalSection(SolutionConfigurationPlatforms) = preSolution
		Debug|Any CPU = Debug|Any CPU
		Release|Any CPU = Release|Any CPU
	EndGlobalSection
	GlobalSection(ProjectConfigurationPlatforms) = postSolution
		{B41134FE-0472-4ABF-9869-7F45F8EA8668}.Debug|Any CPU.ActiveCfg = Debug|Any CPU
		{B41134FE-0472-4ABF-9869-7F45F8EA8668}.Debug|Any CPU.Build.0 = Debug|Any CPU
		{B41134FE-0472-4ABF-9869-7F45F8EA8668}.Release|Any CPU.ActiveCfg = Release|Any CPU
		{B41134FE-0472-4ABF-9869-7F45F8EA8668}.Release|Any CPU.Build.0 = Release|Any CPU
	EndGlobalSection
	GlobalSection(SolutionProperties) = preSolution
		HideSolutionNode = FALSE
	EndGlobalSection
	GlobalSection(ExtensibilityGlobals) = postSolution
		SolutionGuid = {9B9D5DBD-210D-40F3-8E64-F7192C1FBBFE}
	EndGlobalSection
EndGlobal
